
Microsoft Visual Studio Solution File, Format Version 12.00
# Visual Studio Version 17
VisualStudioVersion = 17.5.33530.505
MinimumVisualStudioVersion = 10.0.40219.1
Project("{9A19103F-16F7-4668-BE54-9A1E7A4F7556}") = "EmployeeSystem", "EmployeeSystem\EmployeeSystem.csproj", "{66768D91-13BC-458F-AAFC-58A3B0AB8966}"
EndProject
Global
	GlobalSection(SolutionConfigurationPlatforms) = preSolution
		Debug|Any CPU = Debug|Any CPU
		Debug|x64 = Debug|x64
		Release|Any CPU = Release|Any CPU
		Release|x64 = Release|x64
	EndGlobalSection
	GlobalSection(ProjectConfigurationPlatforms) = postSolution
		{66768D91-13BC-458F-AAFC-58A3B0AB8966}.Debug|Any CPU.ActiveCfg = Debug|Any CPU
		{66768D91-13BC-458F-AAFC-58A3B0AB8966}.Debug|Any CPU.Build.0 = Debug|Any CPU
		{66768D91-13BC-458F-AAFC-58A3B0AB8966}.Debug|x64.ActiveCfg = Debug|Any CPU
		{66768D91-13BC-458F-AAFC-58A3B0AB8966}.Debug|x64.Build.0 = Debug|Any CPU
		{66768D91-13BC-458F-AAFC-58A3B0AB8966}.Release|Any CPU.ActiveCfg = Release|Any CPU
		{66768D91-13BC-458F-AAFC-58A3B0AB8966}.Release|Any CPU.Build.0 = Release|Any CPU
		{66768D91-13BC-458F-AAFC-58A3B0AB8966}.Release|x64.ActiveCfg = Release|Any CPU
		{66768D91-13BC-458F-AAFC-58A3B0AB8966}.Release|x64.Build.0 = Release|Any CPU
	EndGlobalSection
	GlobalSection(SolutionProperties) = preSolution
		HideSolutionNode = FALSE
	EndGlobalSection
	GlobalSection(ExtensibilityGlobals) = postSolution
		SolutionGuid = {7BDB041B-843A-4022-A7FC-DF5760792D8F}
	EndGlobalSection
EndGlobal
